// !$*UTF8*$!
{
	archiveVersion = 1;
	classes = {
	};
	objectVersion = 50;
	objects = {

/* Begin PBXBuildFile section */
		2931E877227B614F00892DCE /* AppDelegate.swift in Sources */ = {isa = PBXBuildFile; fileRef = 2931E876227B614F00892DCE /* AppDelegate.swift */; };
		2931E879227B614F00892DCE /* ViewController.swift in Sources */ = {isa = PBXBuildFile; fileRef = 2931E878227B614F00892DCE /* ViewController.swift */; };
		2931E87C227B614F00892DCE /* Main.storyboard in Resources */ = {isa = PBXBuildFile; fileRef = 2931E87A227B614F00892DCE /* Main.storyboard */; };
		2931E87E227B615100892DCE /* Assets.xcassets in Resources */ = {isa = PBXBuildFile; fileRef = 2931E87D227B615100892DCE /* Assets.xcassets */; };
		2931E881227B615100892DCE /* LaunchScreen.storyboard in Resources */ = {isa = PBXBuildFile; fileRef = 2931E87F227B615100892DCE /* LaunchScreen.storyboard */; };
		2931E889227BBFAD00892DCE /* Constants.swift in Sources */ = {isa = PBXBuildFile; fileRef = 2931E888227BBFAD00892DCE /* Constants.swift */; };
		29852347227DD1AF0016BC02 /* ChavosoView.xib in Resources */ = {isa = PBXBuildFile; fileRef = 29852346227DD1AF0016BC02 /* ChavosoView.xib */; };
		2985234A227DD25E0016BC02 /* ChavosoItemCollectionViewCell.swift in Sources */ = {isa = PBXBuildFile; fileRef = 29852349227DD25E0016BC02 /* ChavosoItemCollectionViewCell.swift */; };
		2985234D227DDB2B0016BC02 /* ChavososViewController.swift in Sources */ = {isa = PBXBuildFile; fileRef = 2985234C227DDB2B0016BC02 /* ChavososViewController.swift */; };
		2985234F227E5CDC0016BC02 /* ChavosoSingleton.swift in Sources */ = {isa = PBXBuildFile; fileRef = 2985234E227E5CDC0016BC02 /* ChavosoSingleton.swift */; };
/* End PBXBuildFile section */

/* Begin PBXFileReference section */
		2931E873227B614F00892DCE /* Chavooso.app */ = {isa = PBXFileReference; explicitFileType = wrapper.application; includeInIndex = 0; path = Chavooso.app; sourceTree = BUILT_PRODUCTS_DIR; };
		2931E876227B614F00892DCE /* AppDelegate.swift */ = {isa = PBXFileReference; lastKnownFileType = sourcecode.swift; path = AppDelegate.swift; sourceTree = "<group>"; };
		2931E878227B614F00892DCE /* ViewController.swift */ = {isa = PBXFileReference; lastKnownFileType = sourcecode.swift; path = ViewController.swift; sourceTree = "<group>"; };
		2931E87B227B614F00892DCE /* Base */ = {isa = PBXFileReference; lastKnownFileType = file.storyboard; name = Base; path = Base.lproj/Main.storyboard; sourceTree = "<group>"; };
		2931E87D227B615100892DCE /* Assets.xcassets */ = {isa = PBXFileReference; lastKnownFileType = folder.assetcatalog; path = Assets.xcassets; sourceTree = "<group>"; };
		2931E880227B615100892DCE /* Base */ = {isa = PBXFileReference; lastKnownFileType = file.storyboard; name = Base; path = Base.lproj/LaunchScreen.storyboard; sourceTree = "<group>"; };
		2931E882227B615100892DCE /* Info.plist */ = {isa = PBXFileReference; lastKnownFileType = text.plist.xml; path = Info.plist; sourceTree = "<group>"; };
		2931E888227BBFAD00892DCE /* Constants.swift */ = {isa = PBXFileReference; lastKnownFileType = sourcecode.swift; path = Constants.swift; sourceTree = "<group>"; };
		29852346227DD1AF0016BC02 /* ChavosoView.xib */ = {isa = PBXFileReference; lastKnownFileType = file.xib; path = ChavosoView.xib; sourceTree = "<group>"; };
		29852349227DD25E0016BC02 /* ChavosoItemCollectionViewCell.swift */ = {isa = PBXFileReference; lastKnownFileType = sourcecode.swift; path = ChavosoItemCollectionViewCell.swift; sourceTree = "<group>"; };
		2985234C227DDB2B0016BC02 /* ChavososViewController.swift */ = {isa = PBXFileReference; lastKnownFileType = sourcecode.swift; path = ChavososViewController.swift; sourceTree = "<group>"; };
		2985234E227E5CDC0016BC02 /* ChavosoSingleton.swift */ = {isa = PBXFileReference; lastKnownFileType = sourcecode.swift; path = ChavosoSingleton.swift; sourceTree = "<group>"; };
/* End PBXFileReference section */

/* Begin PBXFrameworksBuildPhase section */
		2931E870227B614F00892DCE /* Frameworks */ = {
			isa = PBXFrameworksBuildPhase;
			buildActionMask = 2147483647;
			files = (
			);
			runOnlyForDeploymentPostprocessing = 0;
		};
/* End PBXFrameworksBuildPhase section */

/* Begin PBXGroup section */
		2931E86A227B614F00892DCE = {
			isa = PBXGroup;
			children = (
				2931E875227B614F00892DCE /* Chavooso */,
				2931E874227B614F00892DCE /* Products */,
			);
			sourceTree = "<group>";
		};
		2931E874227B614F00892DCE /* Products */ = {
			isa = PBXGroup;
			children = (
				2931E873227B614F00892DCE /* Chavooso.app */,
			);
			name = Products;
			sourceTree = "<group>";
		};
		2931E875227B614F00892DCE /* Chavooso */ = {
			isa = PBXGroup;
			children = (
				2985234B227DD8C40016BC02 /* Controllers */,
				29852348227DD1E40016BC02 /* Views */,
				2931E876227B614F00892DCE /* AppDelegate.swift */,
				2931E878227B614F00892DCE /* ViewController.swift */,
				2931E87A227B614F00892DCE /* Main.storyboard */,
				2931E87D227B615100892DCE /* Assets.xcassets */,
				2931E87F227B615100892DCE /* LaunchScreen.storyboard */,
				2931E882227B615100892DCE /* Info.plist */,
				2931E888227BBFAD00892DCE /* Constants.swift */,
				2985234E227E5CDC0016BC02 /* ChavosoSingleton.swift */,
			);
			path = Chavooso;
			sourceTree = "<group>";
		};
		29852348227DD1E40016BC02 /* Views */ = {
			isa = PBXGroup;
			children = (
				29852346227DD1AF0016BC02 /* ChavosoView.xib */,
				29852349227DD25E0016BC02 /* ChavosoItemCollectionViewCell.swift */,
			);
			path = Views;
			sourceTree = "<group>";
		};
		2985234B227DD8C40016BC02 /* Controllers */ = {
			isa = PBXGroup;
			children = (
				2985234C227DDB2B0016BC02 /* ChavososViewController.swift */,
			);
			path = Controllers;
			sourceTree = "<group>";
		};
/* End PBXGroup section */

/* Begin PBXNativeTarget section */
		2931E872227B614F00892DCE /* Chavooso */ = {
			isa = PBXNativeTarget;
			buildConfigurationList = 2931E885227B615100892DCE /* Build configuration list for PBXNativeTarget "Chavooso" */;
			buildPhases = (
				2931E86F227B614F00892DCE /* Sources */,
				2931E870227B614F00892DCE /* Frameworks */,
				2931E871227B614F00892DCE /* Resources */,
			);
			buildRules = (
			);
			dependencies = (
			);
			name = Chavooso;
			productName = Chavooso;
			productReference = 2931E873227B614F00892DCE /* Chavooso.app */;
			productType = "com.apple.product-type.application";
		};
/* End PBXNativeTarget section */

/* Begin PBXProject section */
		2931E86B227B614F00892DCE /* Project object */ = {
			isa = PBXProject;
			attributes = {
				LastSwiftUpdateCheck = 1020;
				LastUpgradeCheck = 1020;
				ORGANIZATIONNAME = "Gabriel Taques";
				TargetAttributes = {
					2931E872227B614F00892DCE = {
						CreatedOnToolsVersion = 10.2.1;
					};
				};
			};
			buildConfigurationList = 2931E86E227B614F00892DCE /* Build configuration list for PBXProject "Chavooso" */;
			compatibilityVersion = "Xcode 9.3";
			developmentRegion = en;
			hasScannedForEncodings = 0;
			knownRegions = (
				en,
				Base,
			);
			mainGroup = 2931E86A227B614F00892DCE;
			productRefGroup = 2931E874227B614F00892DCE /* Products */;
			projectDirPath = "";
			projectRoot = "";
			targets = (
				2931E872227B614F00892DCE /* Chavooso */,
			);
		};
/* End PBXProject section */

/* Begin PBXResourcesBuildPhase section */
		2931E871227B614F00892DCE /* Resources */ = {
			isa = PBXResourcesBuildPhase;
			buildActionMask = 2147483647;
			files = (
				2931E881227B615100892DCE /* LaunchScreen.storyboard in Resources */,
				2931E87E227B615100892DCE /* Assets.xcassets in Resources */,
				29852347227DD1AF0016BC02 /* ChavosoView.xib in Resources */,
				2931E87C227B614F00892DCE /* Main.storyboard in Resources */,
			);
			runOnlyForDeploymentPostprocessing = 0;
		};
/* End PBXResourcesBuildPhase section */

/* Begin PBXSourcesBuildPhase section */
		2931E86F227B614F00892DCE /* Sources */ = {
			isa = PBXSourcesBuildPhase;
			buildActionMask = 2147483647;
			files = (
				2931E879227B614F00892DCE /* ViewController.swift in Sources */,
				2985234F227E5CDC0016BC02 /* ChavosoSingleton.swift in Sources */,
				2931E877227B614F00892DCE /* AppDelegate.swift in Sources */,
				2931E889227BBFAD00892DCE /* Constants.swift in Sources */,
				2985234A227DD25E0016BC02 /* ChavosoItemCollectionViewCell.swift in Sources */,
				2985234D227DDB2B0016BC02 /* ChavososViewController.swift in Sources */,
			);
			runOnlyForDeploymentPostprocessing = 0;
		};
/* End PBXSourcesBuildPhase section */

/* Begin PBXVariantGroup section */
		2931E87A227B614F00892DCE /* Main.storyboard */ = {
			isa = PBXVariantGroup;
			children = (
				2931E87B227B614F00892DCE /* Base */,
			);
			name = Main.storyboard;
			sourceTree = "<group>";
		};
		2931E87F227B615100892DCE /* LaunchScreen.storyboard */ = {
			isa = PBXVariantGroup;
			children = (
				2931E880227B615100892DCE /* Base */,
			);
			name = LaunchScreen.storyboard;
			sourceTree = "<group>";
		};
/* End PBXVariantGroup section */

/* Begin XCBuildConfiguration section */
		2931E883227B615100892DCE /* Debug */ = {
			isa = XCBuildConfiguration;
			buildSettings = {
				ALWAYS_SEARCH_USER_PATHS = NO;
				CLANG_ANALYZER_NONNULL = YES;
				CLANG_ANALYZER_NUMBER_OBJECT_CONVERSION = YES_AGGRESSIVE;
				CLANG_CXX_LANGUAGE_STANDARD = "gnu++14";
				CLANG_CXX_LIBRARY = "libc++";
				CLANG_ENABLE_MODULES = YES;
				CLANG_ENABLE_OBJC_ARC = YES;
				CLANG_ENABLE_OBJC_WEAK = YES;
				CLANG_WARN_BLOCK_CAPTURE_AUTORELEASING = YES;
				CLANG_WARN_BOOL_CONVERSION = YES;
				CLANG_WARN_COMMA = YES;
				CLANG_WARN_CONSTANT_CONVERSION = YES;
				CLANG_WARN_DEPRECATED_OBJC_IMPLEMENTATIONS = YES;
				CLANG_WARN_DIRECT_OBJC_ISA_USAGE = YES_ERROR;
				CLANG_WARN_DOCUMENTATION_COMMENTS = YES;
				CLANG_WARN_EMPTY_BODY = YES;
				CLANG_WARN_ENUM_CONVERSION = YES;
				CLANG_WARN_INFINITE_RECURSION = YES;
				CLANG_WARN_INT_CONVERSION = YES;
				CLANG_WARN_NON_LITERAL_NULL_CONVERSION = YES;
				CLANG_WARN_OBJC_IMPLICIT_RETAIN_SELF = YES;
				CLANG_WARN_OBJC_LITERAL_CONVERSION = YES;
				CLANG_WARN_OBJC_ROOT_CLASS = YES_ERROR;
				CLANG_WARN_RANGE_LOOP_ANALYSIS = YES;
				CLANG_WARN_STRICT_PROTOTYPES = YES;
				CLANG_WARN_SUSPICIOUS_MOVE = YES;
				CLANG_WARN_UNGUARDED_AVAILABILITY = YES_AGGRESSIVE;
				CLANG_WARN_UNREACHABLE_CODE = YES;
				CLANG_WARN__DUPLICATE_METHOD_MATCH = YES;
				CODE_SIGN_IDENTITY = "iPhone Developer";
				COPY_PHASE_STRIP = NO;
				DEBUG_INFORMATION_FORMAT = dwarf;
				ENABLE_STRICT_OBJC_MSGSEND = YES;
				ENABLE_TESTABILITY = YES;
				GCC_C_LANGUAGE_STANDARD = gnu11;
				GCC_DYNAMIC_NO_PIC = NO;
				GCC_NO_COMMON_BLOCKS = YES;
				GCC_OPTIMIZATION_LEVEL = 0;
				GCC_PREPROCESSOR_DEFINITIONS = (
					"DEBUG=1",
					"$(inherited)",
				);
				GCC_WARN_64_TO_32_BIT_CONVERSION = YES;
				GCC_WARN_ABOUT_RETURN_TYPE = YES_ERROR;
				GCC_WARN_UNDECLARED_SELECTOR = YES;
				GCC_WARN_UNINITIALIZED_AUTOS = YES_AGGRESSIVE;
				GCC_WARN_UNUSED_FUNCTION = YES;
				GCC_WARN_UNUSED_VARIABLE = YES;
				IPHONEOS_DEPLOYMENT_TARGET = 12.2;
				MTL_ENABLE_DEBUG_INFO = INCLUDE_SOURCE;
				MTL_FAST_MATH = YES;
				ONLY_ACTIVE_ARCH = YES;
				SDKROOT = iphoneos;
				SWIFT_ACTIVE_COMPILATION_CONDITIONS = DEBUG;
				SWIFT_OPTIMIZATION_LEVEL = "-Onone";
			};
			name = Debug;
		};
		2931E884227B615100892DCE /* Release */ = {
			isa = XCBuildConfiguration;
			buildSettings = {
				ALWAYS_SEARCH_USER_PATHS = NO;
				CLANG_ANALYZER_NONNULL = YES;
				CLANG_ANALYZER_NUMBER_OBJECT_CONVERSION = YES_AGGRESSIVE;
				CLANG_CXX_LANGUAGE_STANDARD = "gnu++14";
				CLANG_CXX_LIBRARY = "libc++";
				CLANG_ENABLE_MODULES = YES;
				CLANG_ENABLE_OBJC_ARC = YES;
				CLANG_ENABLE_OBJC_WEAK = YES;
				CLANG_WARN_BLOCK_CAPTURE_AUTORELEASING = YES;
				CLANG_WARN_BOOL_CONVERSION = YES;
				CLANG_WARN_COMMA = YES;
				CLANG_WARN_CONSTANT_CONVERSION = YES;
				CLANG_WARN_DEPRECATED_OBJC_IMPLEMENTATIONS = YES;
				CLANG_WARN_DIRECT_OBJC_ISA_USAGE = YES_ERROR;
				CLANG_WARN_DOCUMENTATION_COMMENTS = YES;
				CLANG_WARN_EMPTY_BODY = YES;
				CLANG_WARN_ENUM_CONVERSION = YES;
				CLANG_WARN_INFINITE_RECURSION = YES;
				CLANG_WARN_INT_CONVERSION = YES;
				CLANG_WARN_NON_LITERAL_NULL_CONVERSION = YES;
				CLANG_WARN_OBJC_IMPLICIT_RETAIN_SELF = YES;
				CLANG_WARN_OBJC_LITERAL_CONVERSION = YES;
				CLANG_WARN_OBJC_ROOT_CLASS = YES_ERROR;
				CLANG_WARN_RANGE_LOOP_ANALYSIS = YES;
				CLANG_WARN_STRICT_PROTOTYPES = YES;
				CLANG_WARN_SUSPICIOUS_MOVE = YES;
				CLANG_WARN_UNGUARDED_AVAILABILITY = YES_AGGRESSIVE;
				CLANG_WARN_UNREACHABLE_CODE = YES;
				CLANG_WARN__DUPLICATE_METHOD_MATCH = YES;
				CODE_SIGN_IDENTITY = "iPhone Developer";
				COPY_PHASE_STRIP = NO;
				DEBUG_INFORMATION_FORMAT = "dwarf-with-dsym";
				ENABLE_NS_ASSERTIONS = NO;
				ENABLE_STRICT_OBJC_MSGSEND = YES;
				GCC_C_LANGUAGE_STANDARD = gnu11;
				GCC_NO_COMMON_BLOCKS = YES;
				GCC_WARN_64_TO_32_BIT_CONVERSION = YES;
				GCC_WARN_ABOUT_RETURN_TYPE = YES_ERROR;
				GCC_WARN_UNDECLARED_SELECTOR = YES;
				GCC_WARN_UNINITIALIZED_AUTOS = YES_AGGRESSIVE;
				GCC_WARN_UNUSED_FUNCTION = YES;
				GCC_WARN_UNUSED_VARIABLE = YES;
				IPHONEOS_DEPLOYMENT_TARGET = 12.2;
				MTL_ENABLE_DEBUG_INFO = NO;
				MTL_FAST_MATH = YES;
				SDKROOT = iphoneos;
				SWIFT_COMPILATION_MODE = wholemodule;
				SWIFT_OPTIMIZATION_LEVEL = "-O";
				VALIDATE_PRODUCT = YES;
			};
			name = Release;
		};
		2931E886227B615100892DCE /* Debug */ = {
			isa = XCBuildConfiguration;
			buildSettings = {
				ASSETCATALOG_COMPILER_APPICON_NAME = AppIcon;
				CODE_SIGN_STYLE = Automatic;
				DEVELOPMENT_TEAM = Z9M62WF3J6;
				INFOPLIST_FILE = Chavooso/Info.plist;
				LD_RUNPATH_SEARCH_PATHS = (
					"$(inherited)",
					"@executable_path/Frameworks",
				);
				PRODUCT_BUNDLE_IDENTIFIER = com.taquesboringcompany.Chavooso;
				PRODUCT_NAME = "$(TARGET_NAME)";
				SWIFT_VERSION = 5.0;
				TARGETED_DEVICE_FAMILY = "1,2";
			};
			name = Debug;
		};
		2931E887227B615100892DCE /* Release */ = {
			isa = XCBuildConfiguration;
			buildSettings = {
				ASSETCATALOG_COMPILER_APPICON_NAME = AppIcon;
				CODE_SIGN_STYLE = Automatic;
				DEVELOPMENT_TEAM = Z9M62WF3J6;
				INFOPLIST_FILE = Chavooso/Info.plist;
				LD_RUNPATH_SEARCH_PATHS = (
					"$(inherited)",
					"@executable_path/Frameworks",
				);
				PRODUCT_BUNDLE_IDENTIFIER = com.taquesboringcompany.Chavooso;
				PRODUCT_NAME = "$(TARGET_NAME)";
				SWIFT_VERSION = 5.0;
				TARGETED_DEVICE_FAMILY = "1,2";
			};
			name = Release;
		};
/* End XCBuildConfiguration section */

/* Begin XCConfigurationList section */
		2931E86E227B614F00892DCE /* Build configuration list for PBXProject "Chavooso" */ = {
			isa = XCConfigurationList;
			buildConfigurations = (
				2931E883227B615100892DCE /* Debug */,
				2931E884227B615100892DCE /* Release */,
			);
			defaultConfigurationIsVisible = 0;
			defaultConfigurationName = Release;
		};
		2931E885227B615100892DCE /* Build configuration list for PBXNativeTarget "Chavooso" */ = {
			isa = XCConfigurationList;
			buildConfigurations = (
				2931E886227B615100892DCE /* Debug */,
				2931E887227B615100892DCE /* Release */,
			);
			defaultConfigurationIsVisible = 0;
			defaultConfigurationName = Release;
		};
/* End XCConfigurationList section */
	};
	rootObject = 2931E86B227B614F00892DCE /* Project object */;
}
